{
  "pins" : [
    {
      "identity" : "foundation",
      "kind" : "remoteSourceControl",
      "location" : "https://github.com/PromiseKit/Foundation.git",
      "state" : {
        "revision" : "985f17fa69ee0e5b7eb3ff9be87ffc4e05fc0927",
        "version" : "3.4.0"
      }
    },
    {
      "identity" : "iqkeyboardmanager",
      "kind" : "remoteSourceControl",
      "location" : "https://github.com/hackiftekhar/IQKeyboardManager",
      "state" : {
        "revision" : "ea08e08958890043019d248065fe3d825f338087",
        "version" : "6.5.12"
      }
    },
    {
      "identity" : "keychainaccess",
      "kind" : "remoteSourceControl",
      "location" : "https://github.com/kishikawakatsumi/KeychainAccess",
      "state" : {
        "branch" : "master",
        "revision" : "ecb18d8ce4d88277cc4fb103973352d91e18c535"
      }
    },
    {
      "identity" : "promisekit",
      "kind" : "remoteSourceControl",
      "location" : "https://github.com/mxcl/PromiseKit",
      "state" : {
        "revision" : "8a98e31a47854d3180882c8068cc4d9381bf382d",
        "version" : "6.22.1"
      }
    },
    {
      "identity" : "toast-swift",
      "kind" : "remoteSourceControl",
      "location" : "https://github.com/scalessec/Toast-Swift.git",
      "state" : {
        "revision" : "0c9493eeacb102cc614da385cfaaf475379f4ab4",
        "version" : "5.0.1"
      }
    },
    {
      "identity" : "wormholy",
      "kind" : "remoteSourceControl",
      "location" : "https://github.com/tadelv/Wormholy",
      "state" : {
        "revision" : "fe5eb3045ddbef5116b94b5af80367aa005e02b2",
        "version" : "1.6.5"
      }
    }
  ],
  "version" : 2
}
